
Microsoft Visual Studio Solution File, Format Version 12.00
# Visual Studio Version 17
VisualStudioVersion = 17.6.33723.286
MinimumVisualStudioVersion = 10.0.40219.1
Project("{9A19103F-16F7-4668-BE54-9A1E7A4F7556}") = "Day1", "Day1\Day1.csproj", "{FF0C1C97-8674-4FF2-8680-E0B6AB248AD6}"
EndProject
Project("{9A19103F-16F7-4668-BE54-9A1E7A4F7556}") = "Day2", "Day2\Day2.csproj", "{DAA8643E-7603-4429-8DF8-A8A264AC3D71}"
EndProject
Project("{9A19103F-16F7-4668-BE54-9A1E7A4F7556}") = "Day3", "Day3\Day3.csproj", "{70AAC0F2-14E8-45E6-BDF3-795B83626289}"
EndProject
Project("{9A19103F-16F7-4668-BE54-9A1E7A4F7556}") = "Day4", "Day4\Day4.csproj", "{1FC0A3AA-A61B-44A3-B718-A88B66E5BDC6}"
EndProject
Project("{FAE04EC0-301F-11D3-BF4B-00C04F79EFBC}") = "Day5", "Day5\Day5.csproj", "{90C75E59-3993-4A58-A13A-8DF3FF208EB3}"
EndProject
Global
	GlobalSection(SolutionConfigurationPlatforms) = preSolution
		Debug|Any CPU = Debug|Any CPU
		Release|Any CPU = Release|Any CPU
	EndGlobalSection
	GlobalSection(ProjectConfigurationPlatforms) = postSolution
		{FF0C1C97-8674-4FF2-8680-E0B6AB248AD6}.Debug|Any CPU.ActiveCfg = Debug|Any CPU
		{FF0C1C97-8674-4FF2-8680-E0B6AB248AD6}.Debug|Any CPU.Build.0 = Debug|Any CPU
		{FF0C1C97-8674-4FF2-8680-E0B6AB248AD6}.Release|Any CPU.ActiveCfg = Release|Any CPU
		{FF0C1C97-8674-4FF2-8680-E0B6AB248AD6}.Release|Any CPU.Build.0 = Release|Any CPU
		{DAA8643E-7603-4429-8DF8-A8A264AC3D71}.Debug|Any CPU.ActiveCfg = Debug|Any CPU
		{DAA8643E-7603-4429-8DF8-A8A264AC3D71}.Debug|Any CPU.Build.0 = Debug|Any CPU
		{DAA8643E-7603-4429-8DF8-A8A264AC3D71}.Release|Any CPU.ActiveCfg = Release|Any CPU
		{DAA8643E-7603-4429-8DF8-A8A264AC3D71}.Release|Any CPU.Build.0 = Release|Any CPU
		{70AAC0F2-14E8-45E6-BDF3-795B83626289}.Debug|Any CPU.ActiveCfg = Debug|Any CPU
		{70AAC0F2-14E8-45E6-BDF3-795B83626289}.Debug|Any CPU.Build.0 = Debug|Any CPU
		{70AAC0F2-14E8-45E6-BDF3-795B83626289}.Release|Any CPU.ActiveCfg = Release|Any CPU
		{70AAC0F2-14E8-45E6-BDF3-795B83626289}.Release|Any CPU.Build.0 = Release|Any CPU
		{1FC0A3AA-A61B-44A3-B718-A88B66E5BDC6}.Debug|Any CPU.ActiveCfg = Debug|Any CPU
		{1FC0A3AA-A61B-44A3-B718-A88B66E5BDC6}.Debug|Any CPU.Build.0 = Debug|Any CPU
		{1FC0A3AA-A61B-44A3-B718-A88B66E5BDC6}.Release|Any CPU.ActiveCfg = Release|Any CPU
		{1FC0A3AA-A61B-44A3-B718-A88B66E5BDC6}.Release|Any CPU.Build.0 = Release|Any CPU
		{90C75E59-3993-4A58-A13A-8DF3FF208EB3}.Debug|Any CPU.ActiveCfg = Debug|Any CPU
		{90C75E59-3993-4A58-A13A-8DF3FF208EB3}.Debug|Any CPU.Build.0 = Debug|Any CPU
		{90C75E59-3993-4A58-A13A-8DF3FF208EB3}.Release|Any CPU.ActiveCfg = Release|Any CPU
		{90C75E59-3993-4A58-A13A-8DF3FF208EB3}.Release|Any CPU.Build.0 = Release|Any CPU
	EndGlobalSection
	GlobalSection(SolutionProperties) = preSolution
		HideSolutionNode = FALSE
	EndGlobalSection
	GlobalSection(ExtensibilityGlobals) = postSolution
		SolutionGuid = {1DCF672E-5A3C-4BAF-9E3E-139C5390DCB1}
	EndGlobalSection
EndGlobal
